Microsoft Visual Studio Solution File, Format Version 12.00
# Visual Studio Version 17
VisualStudioVersion = 17.5.2.0
MinimumVisualStudioVersion = 10.0.40219.1
Project("{FAE04EC0-301F-11D3-BF4B-00C04F79EFBC}") = "path-sum", "path-sum.csproj", "{D56CB889-4991-0577-F00D-2128A39D0F08}"
EndProject
Global
	GlobalSection(SolutionConfigurationPlatforms) = preSolution
		Debug|Any CPU = Debug|Any CPU
		Release|Any CPU = Release|Any CPU
	EndGlobalSection
	GlobalSection(ProjectConfigurationPlatforms) = postSolution
		{D56CB889-4991-0577-F00D-2128A39D0F08}.Debug|Any CPU.ActiveCfg = Debug|Any CPU
		{D56CB889-4991-0577-F00D-2128A39D0F08}.Debug|Any CPU.Build.0 = Debug|Any CPU
		{D56CB889-4991-0577-F00D-2128A39D0F08}.Release|Any CPU.ActiveCfg = Release|Any CPU
		{D56CB889-4991-0577-F00D-2128A39D0F08}.Release|Any CPU.Build.0 = Release|Any CPU
	EndGlobalSection
	GlobalSection(SolutionProperties) = preSolution
		HideSolutionNode = FALSE
	EndGlobalSection
	GlobalSection(ExtensibilityGlobals) = postSolution
		SolutionGuid = {389557B5-3547-4061-BFF6-614BD5C75D78}
	EndGlobalSection
EndGlobal
