Microsoft Visual Studio Solution File, Format Version 12.00
# Visual Studio Version 17
VisualStudioVersion = 17.5.2.0
MinimumVisualStudioVersion = 10.0.40219.1
Project("{FAE04EC0-301F-11D3-BF4B-00C04F79EFBC}") = "002", "002.csproj", "{ACA1EED9-C192-E8F3-0251-EF9DAF0DB96D}"
EndProject
Global
	GlobalSection(SolutionConfigurationPlatforms) = preSolution
		Debug|Any CPU = Debug|Any CPU
		Release|Any CPU = Release|Any CPU
	EndGlobalSection
	GlobalSection(ProjectConfigurationPlatforms) = postSolution
		{ACA1EED9-C192-E8F3-0251-EF9DAF0DB96D}.Debug|Any CPU.ActiveCfg = Debug|Any CPU
		{ACA1EED9-C192-E8F3-0251-EF9DAF0DB96D}.Debug|Any CPU.Build.0 = Debug|Any CPU
		{ACA1EED9-C192-E8F3-0251-EF9DAF0DB96D}.Release|Any CPU.ActiveCfg = Release|Any CPU
		{ACA1EED9-C192-E8F3-0251-EF9DAF0DB96D}.Release|Any CPU.Build.0 = Release|Any CPU
	EndGlobalSection
	GlobalSection(SolutionProperties) = preSolution
		HideSolutionNode = FALSE
	EndGlobalSection
	GlobalSection(ExtensibilityGlobals) = postSolution
		SolutionGuid = {08D596D5-6686-40F5-9886-D1B35B928CC0}
	EndGlobalSection
EndGlobal
