Microsoft Visual Studio Solution File, Format Version 12.00
# Visual Studio Version 17
VisualStudioVersion = 17.5.2.0
MinimumVisualStudioVersion = 10.0.40219.1
Project("{FAE04EC0-301F-11D3-BF4B-00C04F79EFBC}") = "valid-palindrome", "valid-palindrome.csproj", "{14CBB48C-015F-EAEB-65C2-590B80A15661}"
EndProject
Global
	GlobalSection(SolutionConfigurationPlatforms) = preSolution
		Debug|Any CPU = Debug|Any CPU
		Release|Any CPU = Release|Any CPU
	EndGlobalSection
	GlobalSection(ProjectConfigurationPlatforms) = postSolution
		{14CBB48C-015F-EAEB-65C2-590B80A15661}.Debug|Any CPU.ActiveCfg = Debug|Any CPU
		{14CBB48C-015F-EAEB-65C2-590B80A15661}.Debug|Any CPU.Build.0 = Debug|Any CPU
		{14CBB48C-015F-EAEB-65C2-590B80A15661}.Release|Any CPU.ActiveCfg = Release|Any CPU
		{14CBB48C-015F-EAEB-65C2-590B80A15661}.Release|Any CPU.Build.0 = Release|Any CPU
	EndGlobalSection
	GlobalSection(SolutionProperties) = preSolution
		HideSolutionNode = FALSE
	EndGlobalSection
	GlobalSection(ExtensibilityGlobals) = postSolution
		SolutionGuid = {C19D2CFE-BD32-4BAA-8B22-8CA10D9AC802}
	EndGlobalSection
EndGlobal
