Microsoft Visual Studio Solution File, Format Version 12.00
# Visual Studio Version 17
VisualStudioVersion = 17.5.2.0
MinimumVisualStudioVersion = 10.0.40219.1
Project("{FAE04EC0-301F-11D3-BF4B-00C04F79EFBC}") = "letter-combinations-of-a-phone-number", "letter-combinations-of-a-phone-number.csproj", "{56326CF3-4F4E-E145-7814-A05E90366456}"
EndProject
Global
	GlobalSection(SolutionConfigurationPlatforms) = preSolution
		Debug|Any CPU = Debug|Any CPU
		Release|Any CPU = Release|Any CPU
	EndGlobalSection
	GlobalSection(ProjectConfigurationPlatforms) = postSolution
		{56326CF3-4F4E-E145-7814-A05E90366456}.Debug|Any CPU.ActiveCfg = Debug|Any CPU
		{56326CF3-4F4E-E145-7814-A05E90366456}.Debug|Any CPU.Build.0 = Debug|Any CPU
		{56326CF3-4F4E-E145-7814-A05E90366456}.Release|Any CPU.ActiveCfg = Release|Any CPU
		{56326CF3-4F4E-E145-7814-A05E90366456}.Release|Any CPU.Build.0 = Release|Any CPU
	EndGlobalSection
	GlobalSection(SolutionProperties) = preSolution
		HideSolutionNode = FALSE
	EndGlobalSection
	GlobalSection(ExtensibilityGlobals) = postSolution
		SolutionGuid = {2144D050-6E21-405E-8188-DDAFF70B7C24}
	EndGlobalSection
EndGlobal
