Microsoft Visual Studio Solution File, Format Version 12.00
# Visual Studio Version 17
VisualStudioVersion = 17.5.2.0
MinimumVisualStudioVersion = 10.0.40219.1
Project("{FAE04EC0-301F-11D3-BF4B-00C04F79EFBC}") = "the-time-in-words", "the-time-in-words.csproj", "{E4FF86A9-0B29-C201-F5F1-A76501423C66}"
EndProject
Global
	GlobalSection(SolutionConfigurationPlatforms) = preSolution
		Debug|Any CPU = Debug|Any CPU
		Release|Any CPU = Release|Any CPU
	EndGlobalSection
	GlobalSection(ProjectConfigurationPlatforms) = postSolution
		{E4FF86A9-0B29-C201-F5F1-A76501423C66}.Debug|Any CPU.ActiveCfg = Debug|Any CPU
		{E4FF86A9-0B29-C201-F5F1-A76501423C66}.Debug|Any CPU.Build.0 = Debug|Any CPU
		{E4FF86A9-0B29-C201-F5F1-A76501423C66}.Release|Any CPU.ActiveCfg = Release|Any CPU
		{E4FF86A9-0B29-C201-F5F1-A76501423C66}.Release|Any CPU.Build.0 = Release|Any CPU
	EndGlobalSection
	GlobalSection(SolutionProperties) = preSolution
		HideSolutionNode = FALSE
	EndGlobalSection
	GlobalSection(ExtensibilityGlobals) = postSolution
		SolutionGuid = {A0DDBAB0-7C96-41D4-AF38-8DC74E1901B8}
	EndGlobalSection
EndGlobal
