Microsoft Visual Studio Solution File, Format Version 12.00
# Visual Studio Version 17
VisualStudioVersion = 17.5.2.0
MinimumVisualStudioVersion = 10.0.40219.1
Project("{FAE04EC0-301F-11D3-BF4B-00C04F79EFBC}") = "BinarySearchAlgo", "BinarySearchAlgo.csproj", "{AAB1D737-5D88-439F-0169-803EF0CCD596}"
EndProject
Global
	GlobalSection(SolutionConfigurationPlatforms) = preSolution
		Debug|Any CPU = Debug|Any CPU
		Release|Any CPU = Release|Any CPU
	EndGlobalSection
	GlobalSection(ProjectConfigurationPlatforms) = postSolution
		{AAB1D737-5D88-439F-0169-803EF0CCD596}.Debug|Any CPU.ActiveCfg = Debug|Any CPU
		{AAB1D737-5D88-439F-0169-803EF0CCD596}.Debug|Any CPU.Build.0 = Debug|Any CPU
		{AAB1D737-5D88-439F-0169-803EF0CCD596}.Release|Any CPU.ActiveCfg = Release|Any CPU
		{AAB1D737-5D88-439F-0169-803EF0CCD596}.Release|Any CPU.Build.0 = Release|Any CPU
	EndGlobalSection
	GlobalSection(SolutionProperties) = preSolution
		HideSolutionNode = FALSE
	EndGlobalSection
	GlobalSection(ExtensibilityGlobals) = postSolution
		SolutionGuid = {0969FD71-87DE-41F1-899A-E17C94844EE3}
	EndGlobalSection
EndGlobal
