Microsoft Visual Studio Solution File, Format Version 12.00
# Visual Studio Version 17
VisualStudioVersion = 17.5.2.0
MinimumVisualStudioVersion = 10.0.40219.1
Project("{FAE04EC0-301F-11D3-BF4B-00C04F79EFBC}") = "best-time-to-buy", "best-time-to-buy.csproj", "{FE9BDD11-263C-77E0-1815-82F1FE70AAEB}"
EndProject
Global
	GlobalSection(SolutionConfigurationPlatforms) = preSolution
		Debug|Any CPU = Debug|Any CPU
		Release|Any CPU = Release|Any CPU
	EndGlobalSection
	GlobalSection(ProjectConfigurationPlatforms) = postSolution
		{FE9BDD11-263C-77E0-1815-82F1FE70AAEB}.Debug|Any CPU.ActiveCfg = Debug|Any CPU
		{FE9BDD11-263C-77E0-1815-82F1FE70AAEB}.Debug|Any CPU.Build.0 = Debug|Any CPU
		{FE9BDD11-263C-77E0-1815-82F1FE70AAEB}.Release|Any CPU.ActiveCfg = Release|Any CPU
		{FE9BDD11-263C-77E0-1815-82F1FE70AAEB}.Release|Any CPU.Build.0 = Release|Any CPU
	EndGlobalSection
	GlobalSection(SolutionProperties) = preSolution
		HideSolutionNode = FALSE
	EndGlobalSection
	GlobalSection(ExtensibilityGlobals) = postSolution
		SolutionGuid = {BB221689-C055-49C7-B1AF-837FACEDD177}
	EndGlobalSection
EndGlobal
